
Microsoft Visual Studio Solution File, Format Version 12.00
# Visual Studio 15
Project("{FAE04EC0-301F-11D3-BF4B-00C04F79EFBC}") = "SMSSDemo.Plugins", "SMSSDemo.Plugins.csproj", "{78426205-B151-D9E4-8809-D418AD5D0857}"
EndProject
Project("{FAE04EC0-301F-11D3-BF4B-00C04F79EFBC}") = "SMSSDemo", "SMSSDemo.csproj", "{927D3304-900C-2AB7-D840-7A3C28CBF753}"
EndProject
Project("{FAE04EC0-301F-11D3-BF4B-00C04F79EFBC}") = "SMSSDemo.Editor.Plugins", "SMSSDemo.Editor.Plugins.csproj", "{A004D8CA-6DB3-D4C7-21CF-AAA76F50259A}"
EndProject
Global
	GlobalSection(SolutionConfigurationPlatforms) = preSolution
		Debug|Any CPU = Debug|Any CPU
		Release|Any CPU = Release|Any CPU
	EndGlobalSection
	GlobalSection(ProjectConfigurationPlatforms) = postSolution
		{78426205-B151-D9E4-8809-D418AD5D0857}.Debug|Any CPU.ActiveCfg = Debug|Any CPU
		{78426205-B151-D9E4-8809-D418AD5D0857}.Debug|Any CPU.Build.0 = Debug|Any CPU
		{78426205-B151-D9E4-8809-D418AD5D0857}.Release|Any CPU.ActiveCfg = Release|Any CPU
		{78426205-B151-D9E4-8809-D418AD5D0857}.Release|Any CPU.Build.0 = Release|Any CPU
		{927D3304-900C-2AB7-D840-7A3C28CBF753}.Debug|Any CPU.ActiveCfg = Debug|Any CPU
		{927D3304-900C-2AB7-D840-7A3C28CBF753}.Debug|Any CPU.Build.0 = Debug|Any CPU
		{927D3304-900C-2AB7-D840-7A3C28CBF753}.Release|Any CPU.ActiveCfg = Release|Any CPU
		{927D3304-900C-2AB7-D840-7A3C28CBF753}.Release|Any CPU.Build.0 = Release|Any CPU
		{A004D8CA-6DB3-D4C7-21CF-AAA76F50259A}.Debug|Any CPU.ActiveCfg = Debug|Any CPU
		{A004D8CA-6DB3-D4C7-21CF-AAA76F50259A}.Debug|Any CPU.Build.0 = Debug|Any CPU
		{A004D8CA-6DB3-D4C7-21CF-AAA76F50259A}.Release|Any CPU.ActiveCfg = Release|Any CPU
		{A004D8CA-6DB3-D4C7-21CF-AAA76F50259A}.Release|Any CPU.Build.0 = Release|Any CPU
	EndGlobalSection
	GlobalSection(SolutionProperties) = preSolution
		HideSolutionNode = FALSE
	EndGlobalSection
EndGlobal
